// !$*UTF8*$!
{
	archiveVersion = 1;
	classes = {
	};
	objectVersion = 46;
	objects = {

/* Begin PBXBuildFile section */
		08A456591844DAC10041C7AF /* Foundation.framework in Frameworks */ = {isa = PBXBuildFile; fileRef = 08A456581844DAC10041C7AF /* Foundation.framework */; };
		08A4565B1844DAC10041C7AF /* CoreGraphics.framework in Frameworks */ = {isa = PBXBuildFile; fileRef = 08A4565A1844DAC10041C7AF /* CoreGraphics.framework */; };
		08A4565D1844DAC10041C7AF /* UIKit.framework in Frameworks */ = {isa = PBXBuildFile; fileRef = 08A4565C1844DAC10041C7AF /* UIKit.framework */; };
		08A456631844DAC10041C7AF /* InfoPlist.strings in Resources */ = {isa = PBXBuildFile; fileRef = 08A456611844DAC10041C7AF /* InfoPlist.strings */; };
		08A456651844DAC10041C7AF /* main.m in Sources */ = {isa = PBXBuildFile; fileRef = 08A456641844DAC10041C7AF /* main.m */; };
		08A456691844DAC10041C7AF /* GPFAppDelegate.m in Sources */ = {isa = PBXBuildFile; fileRef = 08A456681844DAC10041C7AF /* GPFAppDelegate.m */; };
		08A4566B1844DAC10041C7AF /* Images.xcassets in Resources */ = {isa = PBXBuildFile; fileRef = 08A4566A1844DAC10041C7AF /* Images.xcassets */; };
		08A456721844DAC10041C7AF /* XCTest.framework in Frameworks */ = {isa = PBXBuildFile; fileRef = 08A456711844DAC10041C7AF /* XCTest.framework */; };
		08A456731844DAC10041C7AF /* Foundation.framework in Frameworks */ = {isa = PBXBuildFile; fileRef = 08A456581844DAC10041C7AF /* Foundation.framework */; };
		08A456741844DAC10041C7AF /* UIKit.framework in Frameworks */ = {isa = PBXBuildFile; fileRef = 08A4565C1844DAC10041C7AF /* UIKit.framework */; };
		08A4567C1844DAC10041C7AF /* InfoPlist.strings in Resources */ = {isa = PBXBuildFile; fileRef = 08A4567A1844DAC10041C7AF /* InfoPlist.strings */; };
		08A4567E1844DAC10041C7AF /* Dumb_CounterTests.m in Sources */ = {isa = PBXBuildFile; fileRef = 08A4567D1844DAC10041C7AF /* Dumb_CounterTests.m */; };
		08A456881844DADD0041C7AF /* GPFDumbCounterView.xib in Resources */ = {isa = PBXBuildFile; fileRef = 08A456871844DADD0041C7AF /* GPFDumbCounterView.xib */; };
		08A4568B1844DAEA0041C7AF /* GPFDumbCounterViewController.m in Sources */ = {isa = PBXBuildFile; fileRef = 08A4568A1844DAEA0041C7AF /* GPFDumbCounterViewController.m */; };
/* End PBXBuildFile section */

/* Begin PBXContainerItemProxy section */
		08A456751844DAC10041C7AF /* PBXContainerItemProxy */ = {
			isa = PBXContainerItemProxy;
			containerPortal = 08A4564D1844DAC10041C7AF /* Project object */;
			proxyType = 1;
			remoteGlobalIDString = 08A456541844DAC10041C7AF;
			remoteInfo = "Dumb Counter";
		};
/* End PBXContainerItemProxy section */

/* Begin PBXFileReference section */
		08A456551844DAC10041C7AF /* Dumb Counter.app */ = {isa = PBXFileReference; explicitFileType = wrapper.application; includeInIndex = 0; path = "Dumb Counter.app"; sourceTree = BUILT_PRODUCTS_DIR; };
		08A456581844DAC10041C7AF /* Foundation.framework */ = {isa = PBXFileReference; lastKnownFileType = wrapper.framework; name = Foundation.framework; path = System/Library/Frameworks/Foundation.framework; sourceTree = SDKROOT; };
		08A4565A1844DAC10041C7AF /* CoreGraphics.framework */ = {isa = PBXFileReference; lastKnownFileType = wrapper.framework; name = CoreGraphics.framework; path = System/Library/Frameworks/CoreGraphics.framework; sourceTree = SDKROOT; };
		08A4565C1844DAC10041C7AF /* UIKit.framework */ = {isa = PBXFileReference; lastKnownFileType = wrapper.framework; name = UIKit.framework; path = System/Library/Frameworks/UIKit.framework; sourceTree = SDKROOT; };
		08A456601844DAC10041C7AF /* Dumb Counter-Info.plist */ = {isa = PBXFileReference; lastKnownFileType = text.plist.xml; path = "Dumb Counter-Info.plist"; sourceTree = "<group>"; };
		08A456621844DAC10041C7AF /* en */ = {isa = PBXFileReference; lastKnownFileType = text.plist.strings; name = en; path = en.lproj/InfoPlist.strings; sourceTree = "<group>"; };
		08A456641844DAC10041C7AF /* main.m */ = {isa = PBXFileReference; lastKnownFileType = sourcecode.c.objc; path = main.m; sourceTree = "<group>"; };
		08A456661844DAC10041C7AF /* Dumb Counter-Prefix.pch */ = {isa = PBXFileReference; lastKnownFileType = sourcecode.c.h; path = "Dumb Counter-Prefix.pch"; sourceTree = "<group>"; };
		08A456671844DAC10041C7AF /* GPFAppDelegate.h */ = {isa = PBXFileReference; lastKnownFileType = sourcecode.c.h; path = GPFAppDelegate.h; sourceTree = "<group>"; };
		08A456681844DAC10041C7AF /* GPFAppDelegate.m */ = {isa = PBXFileReference; lastKnownFileType = sourcecode.c.objc; path = GPFAppDelegate.m; sourceTree = "<group>"; };
		08A4566A1844DAC10041C7AF /* Images.xcassets */ = {isa = PBXFileReference; lastKnownFileType = folder.assetcatalog; path = Images.xcassets; sourceTree = "<group>"; };
		08A456701844DAC10041C7AF /* Dumb CounterTests.xctest */ = {isa = PBXFileReference; explicitFileType = wrapper.cfbundle; includeInIndex = 0; path = "Dumb CounterTests.xctest"; sourceTree = BUILT_PRODUCTS_DIR; };
		08A456711844DAC10041C7AF /* XCTest.framework */ = {isa = PBXFileReference; lastKnownFileType = wrapper.framework; name = XCTest.framework; path = Library/Frameworks/XCTest.framework; sourceTree = DEVELOPER_DIR; };
		08A456791844DAC10041C7AF /* Dumb CounterTests-Info.plist */ = {isa = PBXFileReference; lastKnownFileType = text.plist.xml; path = "Dumb CounterTests-Info.plist"; sourceTree = "<group>"; };
		08A4567B1844DAC10041C7AF /* en */ = {isa = PBXFileReference; lastKnownFileType = text.plist.strings; name = en; path = en.lproj/InfoPlist.strings; sourceTree = "<group>"; };
		08A4567D1844DAC10041C7AF /* Dumb_CounterTests.m */ = {isa = PBXFileReference; lastKnownFileType = sourcecode.c.objc; path = Dumb_CounterTests.m; sourceTree = "<group>"; };
		08A456871844DADD0041C7AF /* GPFDumbCounterView.xib */ = {isa = PBXFileReference; fileEncoding = 4; lastKnownFileType = file.xib; path = GPFDumbCounterView.xib; sourceTree = "<group>"; };
		08A456891844DAEA0041C7AF /* GPFDumbCounterViewController.h */ = {isa = PBXFileReference; fileEncoding = 4; lastKnownFileType = sourcecode.c.h; path = GPFDumbCounterViewController.h; sourceTree = "<group>"; };
		08A4568A1844DAEA0041C7AF /* GPFDumbCounterViewController.m */ = {isa = PBXFileReference; fileEncoding = 4; lastKnownFileType = sourcecode.c.objc; path = GPFDumbCounterViewController.m; sourceTree = "<group>"; };
/* End PBXFileReference section */

/* Begin PBXFrameworksBuildPhase section */
		08A456521844DAC10041C7AF /* Frameworks */ = {
			isa = PBXFrameworksBuildPhase;
			buildActionMask = 2147483647;
			files = (
				08A4565B1844DAC10041C7AF /* CoreGraphics.framework in Frameworks */,
				08A4565D1844DAC10041C7AF /* UIKit.framework in Frameworks */,
				08A456591844DAC10041C7AF /* Foundation.framework in Frameworks */,
			);
			runOnlyForDeploymentPostprocessing = 0;
		};
		08A4566D1844DAC10041C7AF /* Frameworks */ = {
			isa = PBXFrameworksBuildPhase;
			buildActionMask = 2147483647;
			files = (
				08A456721844DAC10041C7AF /* XCTest.framework in Frameworks */,
				08A456741844DAC10041C7AF /* UIKit.framework in Frameworks */,
				08A456731844DAC10041C7AF /* Foundation.framework in Frameworks */,
			);
			runOnlyForDeploymentPostprocessing = 0;
		};
/* End PBXFrameworksBuildPhase section */

/* Begin PBXGroup section */
		08A4564C1844DAC10041C7AF = {
			isa = PBXGroup;
			children = (
				08A4565E1844DAC10041C7AF /* Dumb Counter */,
				08A456771844DAC10041C7AF /* Dumb CounterTests */,
				08A456571844DAC10041C7AF /* Frameworks */,
				08A456561844DAC10041C7AF /* Products */,
			);
			sourceTree = "<group>";
		};
		08A456561844DAC10041C7AF /* Products */ = {
			isa = PBXGroup;
			children = (
				08A456551844DAC10041C7AF /* Dumb Counter.app */,
				08A456701844DAC10041C7AF /* Dumb CounterTests.xctest */,
			);
			name = Products;
			sourceTree = "<group>";
		};
		08A456571844DAC10041C7AF /* Frameworks */ = {
			isa = PBXGroup;
			children = (
				08A456581844DAC10041C7AF /* Foundation.framework */,
				08A4565A1844DAC10041C7AF /* CoreGraphics.framework */,
				08A4565C1844DAC10041C7AF /* UIKit.framework */,
				08A456711844DAC10041C7AF /* XCTest.framework */,
			);
			name = Frameworks;
			sourceTree = "<group>";
		};
		08A4565E1844DAC10041C7AF /* Dumb Counter */ = {
			isa = PBXGroup;
			children = (
				08A456671844DAC10041C7AF /* GPFAppDelegate.h */,
				08A456681844DAC10041C7AF /* GPFAppDelegate.m */,
				08A4566A1844DAC10041C7AF /* Images.xcassets */,
				08A456871844DADD0041C7AF /* GPFDumbCounterView.xib */,
				08A456891844DAEA0041C7AF /* GPFDumbCounterViewController.h */,
				08A4568A1844DAEA0041C7AF /* GPFDumbCounterViewController.m */,
				08A4565F1844DAC10041C7AF /* Supporting Files */,
			);
			path = "Dumb Counter";
			sourceTree = "<group>";
		};
		08A4565F1844DAC10041C7AF /* Supporting Files */ = {
			isa = PBXGroup;
			children = (
				08A456601844DAC10041C7AF /* Dumb Counter-Info.plist */,
				08A456611844DAC10041C7AF /* InfoPlist.strings */,
				08A456641844DAC10041C7AF /* main.m */,
				08A456661844DAC10041C7AF /* Dumb Counter-Prefix.pch */,
			);
			name = "Supporting Files";
			sourceTree = "<group>";
		};
		08A456771844DAC10041C7AF /* Dumb CounterTests */ = {
			isa = PBXGroup;
			children = (
				08A4567D1844DAC10041C7AF /* Dumb_CounterTests.m */,
				08A456781844DAC10041C7AF /* Supporting Files */,
			);
			path = "Dumb CounterTests";
			sourceTree = "<group>";
		};
		08A456781844DAC10041C7AF /* Supporting Files */ = {
			isa = PBXGroup;
			children = (
				08A456791844DAC10041C7AF /* Dumb CounterTests-Info.plist */,
				08A4567A1844DAC10041C7AF /* InfoPlist.strings */,
			);
			name = "Supporting Files";
			sourceTree = "<group>";
		};
/* End PBXGroup section */

/* Begin PBXNativeTarget section */
		08A456541844DAC10041C7AF /* Dumb Counter */ = {
			isa = PBXNativeTarget;
			buildConfigurationList = 08A456811844DAC10041C7AF /* Build configuration list for PBXNativeTarget "Dumb Counter" */;
			buildPhases = (
				08A456511844DAC10041C7AF /* Sources */,
				08A456521844DAC10041C7AF /* Frameworks */,
				08A456531844DAC10041C7AF /* Resources */,
			);
			buildRules = (
			);
			dependencies = (
			);
			name = "Dumb Counter";
			productName = "Dumb Counter";
			productReference = 08A456551844DAC10041C7AF /* Dumb Counter.app */;
			productType = "com.apple.product-type.application";
		};
		08A4566F1844DAC10041C7AF /* Dumb CounterTests */ = {
			isa = PBXNativeTarget;
			buildConfigurationList = 08A456841844DAC10041C7AF /* Build configuration list for PBXNativeTarget "Dumb CounterTests" */;
			buildPhases = (
				08A4566C1844DAC10041C7AF /* Sources */,
				08A4566D1844DAC10041C7AF /* Frameworks */,
				08A4566E1844DAC10041C7AF /* Resources */,
			);
			buildRules = (
			);
			dependencies = (
				08A456761844DAC10041C7AF /* PBXTargetDependency */,
			);
			name = "Dumb CounterTests";
			productName = "Dumb CounterTests";
			productReference = 08A456701844DAC10041C7AF /* Dumb CounterTests.xctest */;
			productType = "com.apple.product-type.bundle.unit-test";
		};
/* End PBXNativeTarget section */

/* Begin PBXProject section */
		08A4564D1844DAC10041C7AF /* Project object */ = {
			isa = PBXProject;
			attributes = {
				CLASSPREFIX = GPF;
				LastUpgradeCheck = 0500;
				ORGANIZATIONNAME = "Greg Fiumara";
				TargetAttributes = {
					08A4566F1844DAC10041C7AF = {
						TestTargetID = 08A456541844DAC10041C7AF;
					};
				};
			};
			buildConfigurationList = 08A456501844DAC10041C7AF /* Build configuration list for PBXProject "Dumb Counter" */;
			compatibilityVersion = "Xcode 3.2";
			developmentRegion = English;
			hasScannedForEncodings = 0;
			knownRegions = (
				en,
			);
			mainGroup = 08A4564C1844DAC10041C7AF;
			productRefGroup = 08A456561844DAC10041C7AF /* Products */;
			projectDirPath = "";
			projectRoot = "";
			targets = (
				08A456541844DAC10041C7AF /* Dumb Counter */,
				08A4566F1844DAC10041C7AF /* Dumb CounterTests */,
			);
		};
/* End PBXProject section */

/* Begin PBXResourcesBuildPhase section */
		08A456531844DAC10041C7AF /* Resources */ = {
			isa = PBXResourcesBuildPhase;
			buildActionMask = 2147483647;
			files = (
				08A456631844DAC10041C7AF /* InfoPlist.strings in Resources */,
				08A456881844DADD0041C7AF /* GPFDumbCounterView.xib in Resources */,
				08A4566B1844DAC10041C7AF /* Images.xcassets in Resources */,
			);
			runOnlyForDeploymentPostprocessing = 0;
		};
		08A4566E1844DAC10041C7AF /* Resources */ = {
			isa = PBXResourcesBuildPhase;
			buildActionMask = 2147483647;
			files = (
				08A4567C1844DAC10041C7AF /* InfoPlist.strings in Resources */,
			);
			runOnlyForDeploymentPostprocessing = 0;
		};
/* End PBXResourcesBuildPhase section */

/* Begin PBXSourcesBuildPhase section */
		08A456511844DAC10041C7AF /* Sources */ = {
			isa = PBXSourcesBuildPhase;
			buildActionMask = 2147483647;
			files = (
				08A456691844DAC10041C7AF /* GPFAppDelegate.m in Sources */,
				08A4568B1844DAEA0041C7AF /* GPFDumbCounterViewController.m in Sources */,
				08A456651844DAC10041C7AF /* main.m in Sources */,
			);
			runOnlyForDeploymentPostprocessing = 0;
		};
		08A4566C1844DAC10041C7AF /* Sources */ = {
			isa = PBXSourcesBuildPhase;
			buildActionMask = 2147483647;
			files = (
				08A4567E1844DAC10041C7AF /* Dumb_CounterTests.m in Sources */,
			);
			runOnlyForDeploymentPostprocessing = 0;
		};
/* End PBXSourcesBuildPhase section */

/* Begin PBXTargetDependency section */
		08A456761844DAC10041C7AF /* PBXTargetDependency */ = {
			isa = PBXTargetDependency;
			target = 08A456541844DAC10041C7AF /* Dumb Counter */;
			targetProxy = 08A456751844DAC10041C7AF /* PBXContainerItemProxy */;
		};
/* End PBXTargetDependency section */

/* Begin PBXVariantGroup section */
		08A456611844DAC10041C7AF /* InfoPlist.strings */ = {
			isa = PBXVariantGroup;
			children = (
				08A456621844DAC10041C7AF /* en */,
			);
			name = InfoPlist.strings;
			sourceTree = "<group>";
		};
		08A4567A1844DAC10041C7AF /* InfoPlist.strings */ = {
			isa = PBXVariantGroup;
			children = (
				08A4567B1844DAC10041C7AF /* en */,
			);
			name = InfoPlist.strings;
			sourceTree = "<group>";
		};
/* End PBXVariantGroup section */

/* Begin XCBuildConfiguration section */
		08A4567F1844DAC10041C7AF /* Debug */ = {
			isa = XCBuildConfiguration;
			buildSettings = {
				ALWAYS_SEARCH_USER_PATHS = NO;
				ARCHS = "$(ARCHS_STANDARD_INCLUDING_64_BIT)";
				CLANG_CXX_LANGUAGE_STANDARD = "gnu++0x";
				CLANG_CXX_LIBRARY = "libc++";
				CLANG_ENABLE_MODULES = YES;
				CLANG_ENABLE_OBJC_ARC = YES;
				CLANG_WARN_BOOL_CONVERSION = YES;
				CLANG_WARN_CONSTANT_CONVERSION = YES;
				CLANG_WARN_DIRECT_OBJC_ISA_USAGE = YES_ERROR;
				CLANG_WARN_EMPTY_BODY = YES;
				CLANG_WARN_ENUM_CONVERSION = YES;
				CLANG_WARN_INT_CONVERSION = YES;
				CLANG_WARN_OBJC_ROOT_CLASS = YES_ERROR;
				CLANG_WARN__DUPLICATE_METHOD_MATCH = YES;
				"CODE_SIGN_IDENTITY[sdk=iphoneos*]" = "iPhone Developer";
				COPY_PHASE_STRIP = NO;
				GCC_C_LANGUAGE_STANDARD = gnu99;
				GCC_DYNAMIC_NO_PIC = NO;
				GCC_OPTIMIZATION_LEVEL = 0;
				GCC_PREPROCESSOR_DEFINITIONS = (
					"DEBUG=1",
					"$(inherited)",
				);
				GCC_SYMBOLS_PRIVATE_EXTERN = NO;
				GCC_WARN_64_TO_32_BIT_CONVERSION = YES;
				GCC_WARN_ABOUT_RETURN_TYPE = YES_ERROR;
				GCC_WARN_UNDECLARED_SELECTOR = YES;
				GCC_WARN_UNINITIALIZED_AUTOS = YES;
				GCC_WARN_UNUSED_FUNCTION = YES;
				GCC_WARN_UNUSED_VARIABLE = YES;
				IPHONEOS_DEPLOYMENT_TARGET = 7.0;
				ONLY_ACTIVE_ARCH = YES;
				SDKROOT = iphoneos;
			};
			name = Debug;
		};
		08A456801844DAC10041C7AF /* Release */ = {
			isa = XCBuildConfiguration;
			buildSettings = {
				ALWAYS_SEARCH_USER_PATHS = NO;
				ARCHS = "$(ARCHS_STANDARD_INCLUDING_64_BIT)";
				CLANG_CXX_LANGUAGE_STANDARD = "gnu++0x";
				CLANG_CXX_LIBRARY = "libc++";
				CLANG_ENABLE_MODULES = YES;
				CLANG_ENABLE_OBJC_ARC = YES;
				CLANG_WARN_BOOL_CONVERSION = YES;
				CLANG_WARN_CONSTANT_CONVERSION = YES;
				CLANG_WARN_DIRECT_OBJC_ISA_USAGE = YES_ERROR;
				CLANG_WARN_EMPTY_BODY = YES;
				CLANG_WARN_ENUM_CONVERSION = YES;
				CLANG_WARN_INT_CONVERSION = YES;
				CLANG_WARN_OBJC_ROOT_CLASS = YES_ERROR;
				CLANG_WARN__DUPLICATE_METHOD_MATCH = YES;
				"CODE_SIGN_IDENTITY[sdk=iphoneos*]" = "iPhone Developer";
				COPY_PHASE_STRIP = YES;
				ENABLE_NS_ASSERTIONS = NO;
				GCC_C_LANGUAGE_STANDARD = gnu99;
				GCC_WARN_64_TO_32_BIT_CONVERSION = YES;
				GCC_WARN_ABOUT_RETURN_TYPE = YES_ERROR;
				GCC_WARN_UNDECLARED_SELECTOR = YES;
				GCC_WARN_UNINITIALIZED_AUTOS = YES;
				GCC_WARN_UNUSED_FUNCTION = YES;
				GCC_WARN_UNUSED_VARIABLE = YES;
				IPHONEOS_DEPLOYMENT_TARGET = 7.0;
				SDKROOT = iphoneos;
				VALIDATE_PRODUCT = YES;
			};
			name = Release;
		};
		08A456821844DAC10041C7AF /* Debug */ = {
			isa = XCBuildConfiguration;
			buildSettings = {
				ASSETCATALOG_COMPILER_APPICON_NAME = AppIcon;
				ASSETCATALOG_COMPILER_LAUNCHIMAGE_NAME = LaunchImage;
				GCC_PRECOMPILE_PREFIX_HEADER = YES;
				GCC_PREFIX_HEADER = "Dumb Counter/Dumb Counter-Prefix.pch";
				INFOPLIST_FILE = "Dumb Counter/Dumb Counter-Info.plist";
				PRODUCT_NAME = "$(TARGET_NAME)";
				WRAPPER_EXTENSION = app;
			};
			name = Debug;
		};
		08A456831844DAC10041C7AF /* Release */ = {
			isa = XCBuildConfiguration;
			buildSettings = {
				ASSETCATALOG_COMPILER_APPICON_NAME = AppIcon;
				ASSETCATALOG_COMPILER_LAUNCHIMAGE_NAME = LaunchImage;
				GCC_PRECOMPILE_PREFIX_HEADER = YES;
				GCC_PREFIX_HEADER = "Dumb Counter/Dumb Counter-Prefix.pch";
				INFOPLIST_FILE = "Dumb Counter/Dumb Counter-Info.plist";
				PRODUCT_NAME = "$(TARGET_NAME)";
				WRAPPER_EXTENSION = app;
			};
			name = Release;
		};
		08A456851844DAC10041C7AF /* Debug */ = {
			isa = XCBuildConfiguration;
			buildSettings = {
				ARCHS = "$(ARCHS_STANDARD_INCLUDING_64_BIT)";
				BUNDLE_LOADER = "$(BUILT_PRODUCTS_DIR)/Dumb Counter.app/Dumb Counter";
				FRAMEWORK_SEARCH_PATHS = (
					"$(SDKROOT)/Developer/Library/Frameworks",
					"$(inherited)",
					"$(DEVELOPER_FRAMEWORKS_DIR)",
				);
				GCC_PRECOMPILE_PREFIX_HEADER = YES;
				GCC_PREFIX_HEADER = "Dumb Counter/Dumb Counter-Prefix.pch";
				GCC_PREPROCESSOR_DEFINITIONS = (
					"DEBUG=1",
					"$(inherited)",
				);
				INFOPLIST_FILE = "Dumb CounterTests/Dumb CounterTests-Info.plist";
				PRODUCT_NAME = "$(TARGET_NAME)";
				TEST_HOST = "$(BUNDLE_LOADER)";
				WRAPPER_EXTENSION = xctest;
			};
			name = Debug;
		};
		08A456861844DAC10041C7AF /* Release */ = {
			isa = XCBuildConfiguration;
			buildSettings = {
				ARCHS = "$(ARCHS_STANDARD_INCLUDING_64_BIT)";
				BUNDLE_LOADER = "$(BUILT_PRODUCTS_DIR)/Dumb Counter.app/Dumb Counter";
				FRAMEWORK_SEARCH_PATHS = (
					"$(SDKROOT)/Developer/Library/Frameworks",
					"$(inherited)",
					"$(DEVELOPER_FRAMEWORKS_DIR)",
				);
				GCC_PRECOMPILE_PREFIX_HEADER = YES;
				GCC_PREFIX_HEADER = "Dumb Counter/Dumb Counter-Prefix.pch";
				INFOPLIST_FILE = "Dumb CounterTests/Dumb CounterTests-Info.plist";
				PRODUCT_NAME = "$(TARGET_NAME)";
				TEST_HOST = "$(BUNDLE_LOADER)";
				WRAPPER_EXTENSION = xctest;
			};
			name = Release;
		};
/* End XCBuildConfiguration section */

/* Begin XCConfigurationList section */
		08A456501844DAC10041C7AF /* Build configuration list for PBXProject "Dumb Counter" */ = {
			isa = XCConfigurationList;
			buildConfigurations = (
				08A4567F1844DAC10041C7AF /* Debug */,
				08A456801844DAC10041C7AF /* Release */,
			);
			defaultConfigurationIsVisible = 0;
			defaultConfigurationName = Release;
		};
		08A456811844DAC10041C7AF /* Build configuration list for PBXNativeTarget "Dumb Counter" */ = {
			isa = XCConfigurationList;
			buildConfigurations = (
				08A456821844DAC10041C7AF /* Debug */,
				08A456831844DAC10041C7AF /* Release */,
			);
			defaultConfigurationIsVisible = 0;
		};
		08A456841844DAC10041C7AF /* Build configuration list for PBXNativeTarget "Dumb CounterTests" */ = {
			isa = XCConfigurationList;
			buildConfigurations = (
				08A456851844DAC10041C7AF /* Debug */,
				08A456861844DAC10041C7AF /* Release */,
			);
			defaultConfigurationIsVisible = 0;
		};
/* End XCConfigurationList section */
	};
	rootObject = 08A4564D1844DAC10041C7AF /* Project object */;
}
